{
  "name": "Chrome Extension Cleaned Up",
  "lockfileVersion": 2,
  "requires": true,
  "packages": {
    "": {
      "dependencies": {
        "chart.js": "^3.9.1",
        "chartjs-chart-wordcloud": "^3.9.1"
      }
    },
    "node_modules/@types/d3": {
      "version": "3.5.47",
      "resolved": "https://registry.npmjs.org/@types/d3/-/d3-3.5.47.tgz",
      "integrity": "sha512-VkWIQoZXLFdcBGe5pdBKJmTU3fmpXvo/KV6ixvTzOMl1yJ2hbTXpfvsziag0kcaerPDwas2T0vxojwQG3YwivQ=="
    },
    "node_modules/@types/d3-cloud": {
      "version": "1.2.5",
      "resolved": "https://registry.npmjs.org/@types/d3-cloud/-/d3-cloud-1.2.5.tgz",
      "integrity": "sha512-vEIER9DsEBUOdpRiwCh3n1qE+cV6h4e1LhxhY2sLt+m8LPNAIkOOhTlqk0JDiBwD+ZPM8ynFAOU3AuPuVYBFBA==",
      "dependencies": {
        "@types/d3": "^3"
      }
    },
    "node_modules/chart.js": {
      "version": "3.9.1",
      "resolved": "https://registry.npmjs.org/chart.js/-/chart.js-3.9.1.tgz",
      "integrity": "sha512-Ro2JbLmvg83gXF5F4sniaQ+lTbSv18E+TIf2cOeiH1Iqd2PGFOtem+DUufMZsCJwFE7ywPOpfXFBwRTGq7dh6w=="
    },
    "node_modules/chartjs-chart-wordcloud": {
      "version": "3.9.1",
      "resolved": "https://registry.npmjs.org/chartjs-chart-wordcloud/-/chartjs-chart-wordcloud-3.9.1.tgz",
      "integrity": "sha512-GgplDHNOH4/cG61UHr/xrroEdaGZrfa6//JbqSq2K+klVIZmb3n0yW+Za0Ii5EpkIco3x+E+gZmUrL+/YFGs1A==",
      "dependencies": {
        "@types/d3-cloud": "^1.2.5",
        "d3-cloud": "^1.2.5"
      },
      "peerDependencies": {
        "chart.js": "^3.9.1"
      }
    },
    "node_modules/d3-cloud": {
      "version": "1.2.5",
      "resolved": "https://registry.npmjs.org/d3-cloud/-/d3-cloud-1.2.5.tgz",
      "integrity": "sha512-4s2hXZgvs0CoUIw31oBAGrHt9Kt/7P9Ik5HIVzISFiWkD0Ga2VLAuO/emO/z1tYIpE7KG2smB4PhMPfFMJpahw==",
      "dependencies": {
        "d3-dispatch": "^1.0.3"
      }
    },
    "node_modules/d3-dispatch": {
      "version": "1.0.6",
      "resolved": "https://registry.npmjs.org/d3-dispatch/-/d3-dispatch-1.0.6.tgz",
      "integrity": "sha512-fVjoElzjhCEy+Hbn8KygnmMS7Or0a9sI2UzGwoB7cCtvI1XpVN9GpoYlnb3xt2YV66oXYb1fLJ8GMvP4hdU1RA=="
    }
  },
  "dependencies": {
    "@types/d3": {
      "version": "3.5.47",
      "resolved": "https://registry.npmjs.org/@types/d3/-/d3-3.5.47.tgz",
      "integrity": "sha512-VkWIQoZXLFdcBGe5pdBKJmTU3fmpXvo/KV6ixvTzOMl1yJ2hbTXpfvsziag0kcaerPDwas2T0vxojwQG3YwivQ=="
    },
    "@types/d3-cloud": {
      "version": "1.2.5",
      "resolved": "https://registry.npmjs.org/@types/d3-cloud/-/d3-cloud-1.2.5.tgz",
      "integrity": "sha512-vEIER9DsEBUOdpRiwCh3n1qE+cV6h4e1LhxhY2sLt+m8LPNAIkOOhTlqk0JDiBwD+ZPM8ynFAOU3AuPuVYBFBA==",
      "requires": {
        "@types/d3": "^3"
      }
    },
    "chart.js": {
      "version": "3.9.1",
      "resolved": "https://registry.npmjs.org/chart.js/-/chart.js-3.9.1.tgz",
      "integrity": "sha512-Ro2JbLmvg83gXF5F4sniaQ+lTbSv18E+TIf2cOeiH1Iqd2PGFOtem+DUufMZsCJwFE7ywPOpfXFBwRTGq7dh6w=="
    },
    "chartjs-chart-wordcloud": {
      "version": "3.9.1",
      "resolved": "https://registry.npmjs.org/chartjs-chart-wordcloud/-/chartjs-chart-wordcloud-3.9.1.tgz",
      "integrity": "sha512-GgplDHNOH4/cG61UHr/xrroEdaGZrfa6//JbqSq2K+klVIZmb3n0yW+Za0Ii5EpkIco3x+E+gZmUrL+/YFGs1A==",
      "requires": {
        "@types/d3-cloud": "^1.2.5",
        "d3-cloud": "^1.2.5"
      }
    },
    "d3-cloud": {
      "version": "1.2.5",
      "resolved": "https://registry.npmjs.org/d3-cloud/-/d3-cloud-1.2.5.tgz",
      "integrity": "sha512-4s2hXZgvs0CoUIw31oBAGrHt9Kt/7P9Ik5HIVzISFiWkD0Ga2VLAuO/emO/z1tYIpE7KG2smB4PhMPfFMJpahw==",
      "requires": {
        "d3-dispatch": "^1.0.3"
      }
    },
    "d3-dispatch": {
      "version": "1.0.6",
      "resolved": "https://registry.npmjs.org/d3-dispatch/-/d3-dispatch-1.0.6.tgz",
      "integrity": "sha512-fVjoElzjhCEy+Hbn8KygnmMS7Or0a9sI2UzGwoB7cCtvI1XpVN9GpoYlnb3xt2YV66oXYb1fLJ8GMvP4hdU1RA=="
    }
  }
}
